PODS:
  - AFNetworking (3.1.0):
    - AFNetworking/NSURLSession (= 3.1.0)
    - AFNetworking/Reachability (= 3.1.0)
    - AFNetworking/Security (= 3.1.0)
    - AFNetworking/Serialization (= 3.1.0)
    - AFNetworking/UIKit (= 3.1.0)
  - AFNetworking/NSURLSession (3.1.0):
    - AFNetworking/Reachability
    - AFNetworking/Security
    - AFNetworking/Serialization
  - AFNetworking/Reachability (3.1.0)
  - AFNetworking/Security (3.1.0)
  - AFNetworking/Serialization (3.1.0)
  - AFNetworking/UIKit (3.1.0):
    - AFNetworking/NSURLSession
  - ApiAI (0.5.5):
    - ApiAI/AudioFileConverter (= 0.5.5)
    - ApiAI/Core (= 0.5.5)
    - ApiAI/ResponseMapping (= 0.5.5)
    - ApiAI/UIKit (= 0.5.5)
    - ApiAI/UserEntities (= 0.5.5)
    - ApiAI/VoiceFileRequest (= 0.5.5)
    - ApiAI/VoiceRequest (= 0.5.5)
  - ApiAI/AudioFileConverter (0.5.5):
    - ApiAI/Core
  - ApiAI/Core (0.5.5)
  - ApiAI/ResponseMapping (0.5.5):
    - ApiAI/Core
  - ApiAI/UIKit (0.5.5):
    - ApiAI/Core
    - ApiAI/VoiceRequest
  - ApiAI/UserEntities (0.5.5):
    - ApiAI/Core
  - ApiAI/VoiceFileRequest (0.5.5):
    - ApiAI/Core
  - ApiAI/VoiceRequest (0.5.5):
    - ApiAI/Core
  - ChameleonFramework/Default (2.1.0)
  - ChameleonFramework/Swift (2.1.0):
    - ChameleonFramework/Default
  - Crashlytics (3.8.3):
    - Fabric (~> 1.6.3)
  - Fabric (1.6.11)
  - FMDB (2.6):
    - FMDB/standard (= 2.6)
  - FMDB/standard (2.6)
  - FMDBMigrationManager (1.4.1):
    - FMDBMigrationManager/System (= 1.4.1)
  - FMDBMigrationManager/System (1.4.1):
    - FMDB/standard (>= 2.3)
  - JSQMessagesViewController (7.3.4):
    - JSQSystemSoundPlayer (~> 2.0.1)
  - JSQSystemSoundPlayer (2.0.1)
  - Mantle (2.1.0):
    - Mantle/extobjc (= 2.1.0)
  - Mantle/extobjc (2.1.0)
  - MBProgressHUD (1.0.0)
  - syncano-ios (4.3.4):
    - AFNetworking (= 3.1.0)
    - FMDB (= 2.6)
    - FMDBMigrationManager (= 1.4.1)
    - Mantle (~> 2.0)

DEPENDENCIES:
  - ApiAI
  - ChameleonFramework/Swift (from `https://github.com/ViccAlexander/Chameleon.git`)
  - Crashlytics
  - Fabric
  - JSQMessagesViewController
  - MBProgressHUD
  - syncano-ios

EXTERNAL SOURCES:
  ChameleonFramework:
    :git: https://github.com/ViccAlexander/Chameleon.git

CHECKOUT OPTIONS:
  ChameleonFramework:
    :commit: dcf98f9bf3a632a7f40679b7da46f09681e48526
    :git: https://github.com/ViccAlexander/Chameleon.git

SPEC CHECKSUMS:
  AFNetworking: 5e0e199f73d8626b11e79750991f5d173d1f8b67
  ApiAI: f812efe6bff8b6d980b15ffd40c3e74ae8f467c4
  ChameleonFramework: d21a3cc247abfe5e37609a283a8238b03575cf64
  Crashlytics: 2b6dbe138a42395577cfa73dfa1aa7248cadf39e
  Fabric: 5911403591946b8228ab1c51d98f1d7137e863c6
  FMDB: c1968bab3ab0aed38f66cb778ae1e7fa9a652b6e
  FMDBMigrationManager: d52007f328ea0665e8985ca8a33500707aef084f
  JSQMessagesViewController: 39fed975e3c9f8eba7292071e29eeb541d105e66
  JSQSystemSoundPlayer: c5850e77a4363ffd374cd851154b9af93264ed8d
  Mantle: 2fa750afa478cd625a94230fbf1c13462f29395b
  MBProgressHUD: 4890f671c94e8a0f3cf959aa731e9de2f036d71a
  syncano-ios: 55279134b4c9661077982bc2f08d05532e39c655

PODFILE CHECKSUM: bc386964fa5a8efd6357218ad7d8d8e34844a5c4

COCOAPODS: 1.1.1
